
Microsoft Visual Studio Solution File, Format Version 12.00
# Visual Studio Version 17
VisualStudioVersion = 17.6.33815.320
MinimumVisualStudioVersion = 10.0.40219.1
Project("{2150E333-8FDC-42A3-9474-1A3956D46DE8}") = "Services", "Services", "{9FC5F853-7DEE-4E62-9784-78AC35BE82CC}"
EndProject
Project("{2150E333-8FDC-42A3-9474-1A3956D46DE8}") = "Catalog", "Catalog", "{436922DB-BA21-405C-87BB-991BE6530F1D}"
EndProject
Project("{9A19103F-16F7-4668-BE54-9A1E7A4F7556}") = "Course.Services.Catalog", "Services\Catalog\Course.Services.Catalog\Course.Services.Catalog.csproj", "{ED392159-73F4-452E-909F-FE79A03ADFD2}"
EndProject
Project("{2150E333-8FDC-42A3-9474-1A3956D46DE8}") = "Solution Items", "Solution Items", "{9FFFB4D1-16E5-4E29-BDC9-137E17FE0597}"
	ProjectSection(SolutionItems) = preProject
		Ports.txt = Ports.txt
	EndProjectSection
EndProject
Project("{2150E333-8FDC-42A3-9474-1A3956D46DE8}") = "Shared", "Shared", "{1B62BFF7-1EF7-4A74-823E-50CB74637040}"
EndProject
Project("{9A19103F-16F7-4668-BE54-9A1E7A4F7556}") = "Course.Shared", "Course.Shared\Course.Shared.csproj", "{EE0C19EF-46CD-46B3-8731-ED5863CBCAB0}"
EndProject
Project("{2150E333-8FDC-42A3-9474-1A3956D46DE8}") = "IdentityServer", "IdentityServer", "{0FD2570F-7BC9-41B2-B63D-30ECA8D241B5}"
EndProject
Project("{9A19103F-16F7-4668-BE54-9A1E7A4F7556}") = "Course.IdentityServer", "IdentityServer\Course.IdentityServer\Course.IdentityServer.csproj", "{D884595C-AB85-4AED-87ED-3A64223227DF}"
EndProject
Project("{2150E333-8FDC-42A3-9474-1A3956D46DE8}") = "PhotoStock", "PhotoStock", "{6D9CF12E-B799-4580-8CE1-72F4622CE563}"
EndProject
Project("{9A19103F-16F7-4668-BE54-9A1E7A4F7556}") = "Course.Services.PhotoStock", "Services\PhotoStock\Course.Services.PhotoStock\Course.Services.PhotoStock.csproj", "{7274F423-7E0F-4943-9C2D-5CD80C1FC93F}"
EndProject
Project("{2150E333-8FDC-42A3-9474-1A3956D46DE8}") = "Basket", "Basket", "{78FD558C-7A9C-4362-AB75-BAE147652743}"
EndProject
Project("{9A19103F-16F7-4668-BE54-9A1E7A4F7556}") = "Course.Services.Basket", "Services\Basket\Course.Services.Basket\Course.Services.Basket.csproj", "{7902B3D7-0703-445F-86ED-B52A45317990}"
EndProject
Project("{2150E333-8FDC-42A3-9474-1A3956D46DE8}") = "Discount", "Discount", "{A10CBD5A-4591-4C0A-8E49-464B4926739F}"
EndProject
Project("{9A19103F-16F7-4668-BE54-9A1E7A4F7556}") = "Course.Services.Discount", "Services\Discount\Course.Services.Discount\Course.Services.Discount.csproj", "{6087F9E7-A0E9-430F-BABD-966BF774642C}"
EndProject
Project("{2150E333-8FDC-42A3-9474-1A3956D46DE8}") = "Gateways", "Gateways", "{0D05225B-9584-4621-BC83-6B2C3E91343E}"
EndProject
Project("{9A19103F-16F7-4668-BE54-9A1E7A4F7556}") = "Course.Gateway", "Course.Gateway\Course.Gateway.csproj", "{B9E7244D-F7BF-4354-906B-594F996FC4DE}"
EndProject
Project("{2150E333-8FDC-42A3-9474-1A3956D46DE8}") = "Order", "Order", "{6BB8B37A-969E-4647-B1FB-2F96CE98798D}"
EndProject
Project("{9A19103F-16F7-4668-BE54-9A1E7A4F7556}") = "Course.Services.Order.API", "Services\Order\Course.Services.Order.API\Course.Services.Order.API.csproj", "{D9E6A9D2-0300-4A09-86CB-D10592BA01FC}"
EndProject
Project("{9A19103F-16F7-4668-BE54-9A1E7A4F7556}") = "Course.Services.Order.Application", "Services\Order\Course.Services.Order.Application\Course.Services.Order.Application.csproj", "{DBB8A95A-C5EA-4B27-9B8A-4A3748095439}"
EndProject
Project("{9A19103F-16F7-4668-BE54-9A1E7A4F7556}") = "Course.Services.Order.Domain", "Services\Order\Course.Services.Order.Domain\Course.Services.Order.Domain.csproj", "{01FAB6D2-78B0-4BF2-8FBC-B36E652596FF}"
EndProject
Project("{9A19103F-16F7-4668-BE54-9A1E7A4F7556}") = "Course.Services.Order.Domain.Core", "Services\Order\Course.Services.Order.Domain.Core\Course.Services.Order.Domain.Core.csproj", "{6F9E3706-1231-49B9-BEDA-BCAF1E409879}"
EndProject
Project("{9A19103F-16F7-4668-BE54-9A1E7A4F7556}") = "Course.Services.Order.Infrastructure", "Services\Order\Course.Services.Order.Infrastructure\Course.Services.Order.Infrastructure.csproj", "{1D3AB3FD-2FAF-45B9-91DF-B0419C5B6A28}"
EndProject
Project("{2150E333-8FDC-42A3-9474-1A3956D46DE8}") = "FakePayment", "FakePayment", "{0F8F578A-7375-40EF-B476-EC931546DE66}"
EndProject
Project("{FAE04EC0-301F-11D3-BF4B-00C04F79EFBC}") = "Course.Services.FakePayment", "Services\FakePayment\Course.Services.FakePayment\Course.Services.FakePayment.csproj", "{BD24B61C-4DC3-4954-8691-946F4C55F6C2}"
EndProject
Global
	GlobalSection(SolutionConfigurationPlatforms) = preSolution
		Debug|Any CPU = Debug|Any CPU
		Release|Any CPU = Release|Any CPU
	EndGlobalSection
	GlobalSection(ProjectConfigurationPlatforms) = postSolution
		{ED392159-73F4-452E-909F-FE79A03ADFD2}.Debug|Any CPU.ActiveCfg = Debug|Any CPU
		{ED392159-73F4-452E-909F-FE79A03ADFD2}.Debug|Any CPU.Build.0 = Debug|Any CPU
		{ED392159-73F4-452E-909F-FE79A03ADFD2}.Release|Any CPU.ActiveCfg = Release|Any CPU
		{ED392159-73F4-452E-909F-FE79A03ADFD2}.Release|Any CPU.Build.0 = Release|Any CPU
		{EE0C19EF-46CD-46B3-8731-ED5863CBCAB0}.Debug|Any CPU.ActiveCfg = Debug|Any CPU
		{EE0C19EF-46CD-46B3-8731-ED5863CBCAB0}.Debug|Any CPU.Build.0 = Debug|Any CPU
		{EE0C19EF-46CD-46B3-8731-ED5863CBCAB0}.Release|Any CPU.ActiveCfg = Release|Any CPU
		{EE0C19EF-46CD-46B3-8731-ED5863CBCAB0}.Release|Any CPU.Build.0 = Release|Any CPU
		{D884595C-AB85-4AED-87ED-3A64223227DF}.Debug|Any CPU.ActiveCfg = Debug|Any CPU
		{D884595C-AB85-4AED-87ED-3A64223227DF}.Debug|Any CPU.Build.0 = Debug|Any CPU
		{D884595C-AB85-4AED-87ED-3A64223227DF}.Release|Any CPU.ActiveCfg = Release|Any CPU
		{D884595C-AB85-4AED-87ED-3A64223227DF}.Release|Any CPU.Build.0 = Release|Any CPU
		{7274F423-7E0F-4943-9C2D-5CD80C1FC93F}.Debug|Any CPU.ActiveCfg = Debug|Any CPU
		{7274F423-7E0F-4943-9C2D-5CD80C1FC93F}.Debug|Any CPU.Build.0 = Debug|Any CPU
		{7274F423-7E0F-4943-9C2D-5CD80C1FC93F}.Release|Any CPU.ActiveCfg = Release|Any CPU
		{7274F423-7E0F-4943-9C2D-5CD80C1FC93F}.Release|Any CPU.Build.0 = Release|Any CPU
		{7902B3D7-0703-445F-86ED-B52A45317990}.Debug|Any CPU.ActiveCfg = Debug|Any CPU
		{7902B3D7-0703-445F-86ED-B52A45317990}.Debug|Any CPU.Build.0 = Debug|Any CPU
		{7902B3D7-0703-445F-86ED-B52A45317990}.Release|Any CPU.ActiveCfg = Release|Any CPU
		{7902B3D7-0703-445F-86ED-B52A45317990}.Release|Any CPU.Build.0 = Release|Any CPU
		{6087F9E7-A0E9-430F-BABD-966BF774642C}.Debug|Any CPU.ActiveCfg = Debug|Any CPU
		{6087F9E7-A0E9-430F-BABD-966BF774642C}.Debug|Any CPU.Build.0 = Debug|Any CPU
		{6087F9E7-A0E9-430F-BABD-966BF774642C}.Release|Any CPU.ActiveCfg = Release|Any CPU
		{6087F9E7-A0E9-430F-BABD-966BF774642C}.Release|Any CPU.Build.0 = Release|Any CPU
		{B9E7244D-F7BF-4354-906B-594F996FC4DE}.Debug|Any CPU.ActiveCfg = Debug|Any CPU
		{B9E7244D-F7BF-4354-906B-594F996FC4DE}.Debug|Any CPU.Build.0 = Debug|Any CPU
		{B9E7244D-F7BF-4354-906B-594F996FC4DE}.Release|Any CPU.ActiveCfg = Release|Any CPU
		{B9E7244D-F7BF-4354-906B-594F996FC4DE}.Release|Any CPU.Build.0 = Release|Any CPU
		{D9E6A9D2-0300-4A09-86CB-D10592BA01FC}.Debug|Any CPU.ActiveCfg = Debug|Any CPU
		{D9E6A9D2-0300-4A09-86CB-D10592BA01FC}.Debug|Any CPU.Build.0 = Debug|Any CPU
		{D9E6A9D2-0300-4A09-86CB-D10592BA01FC}.Release|Any CPU.ActiveCfg = Release|Any CPU
		{D9E6A9D2-0300-4A09-86CB-D10592BA01FC}.Release|Any CPU.Build.0 = Release|Any CPU
		{DBB8A95A-C5EA-4B27-9B8A-4A3748095439}.Debug|Any CPU.ActiveCfg = Debug|Any CPU
		{DBB8A95A-C5EA-4B27-9B8A-4A3748095439}.Debug|Any CPU.Build.0 = Debug|Any CPU
		{DBB8A95A-C5EA-4B27-9B8A-4A3748095439}.Release|Any CPU.ActiveCfg = Release|Any CPU
		{DBB8A95A-C5EA-4B27-9B8A-4A3748095439}.Release|Any CPU.Build.0 = Release|Any CPU
		{01FAB6D2-78B0-4BF2-8FBC-B36E652596FF}.Debug|Any CPU.ActiveCfg = Debug|Any CPU
		{01FAB6D2-78B0-4BF2-8FBC-B36E652596FF}.Debug|Any CPU.Build.0 = Debug|Any CPU
		{01FAB6D2-78B0-4BF2-8FBC-B36E652596FF}.Release|Any CPU.ActiveCfg = Release|Any CPU
		{01FAB6D2-78B0-4BF2-8FBC-B36E652596FF}.Release|Any CPU.Build.0 = Release|Any CPU
		{6F9E3706-1231-49B9-BEDA-BCAF1E409879}.Debug|Any CPU.ActiveCfg = Debug|Any CPU
		{6F9E3706-1231-49B9-BEDA-BCAF1E409879}.Debug|Any CPU.Build.0 = Debug|Any CPU
		{6F9E3706-1231-49B9-BEDA-BCAF1E409879}.Release|Any CPU.ActiveCfg = Release|Any CPU
		{6F9E3706-1231-49B9-BEDA-BCAF1E409879}.Release|Any CPU.Build.0 = Release|Any CPU
		{1D3AB3FD-2FAF-45B9-91DF-B0419C5B6A28}.Debug|Any CPU.ActiveCfg = Debug|Any CPU
		{1D3AB3FD-2FAF-45B9-91DF-B0419C5B6A28}.Debug|Any CPU.Build.0 = Debug|Any CPU
		{1D3AB3FD-2FAF-45B9-91DF-B0419C5B6A28}.Release|Any CPU.ActiveCfg = Release|Any CPU
		{1D3AB3FD-2FAF-45B9-91DF-B0419C5B6A28}.Release|Any CPU.Build.0 = Release|Any CPU
		{BD24B61C-4DC3-4954-8691-946F4C55F6C2}.Debug|Any CPU.ActiveCfg = Debug|Any CPU
		{BD24B61C-4DC3-4954-8691-946F4C55F6C2}.Debug|Any CPU.Build.0 = Debug|Any CPU
		{BD24B61C-4DC3-4954-8691-946F4C55F6C2}.Release|Any CPU.ActiveCfg = Release|Any CPU
		{BD24B61C-4DC3-4954-8691-946F4C55F6C2}.Release|Any CPU.Build.0 = Release|Any CPU
	EndGlobalSection
	GlobalSection(SolutionProperties) = preSolution
		HideSolutionNode = FALSE
	EndGlobalSection
	GlobalSection(NestedProjects) = preSolution
		{436922DB-BA21-405C-87BB-991BE6530F1D} = {9FC5F853-7DEE-4E62-9784-78AC35BE82CC}
		{ED392159-73F4-452E-909F-FE79A03ADFD2} = {436922DB-BA21-405C-87BB-991BE6530F1D}
		{EE0C19EF-46CD-46B3-8731-ED5863CBCAB0} = {1B62BFF7-1EF7-4A74-823E-50CB74637040}
		{D884595C-AB85-4AED-87ED-3A64223227DF} = {0FD2570F-7BC9-41B2-B63D-30ECA8D241B5}
		{6D9CF12E-B799-4580-8CE1-72F4622CE563} = {9FC5F853-7DEE-4E62-9784-78AC35BE82CC}
		{7274F423-7E0F-4943-9C2D-5CD80C1FC93F} = {6D9CF12E-B799-4580-8CE1-72F4622CE563}
		{78FD558C-7A9C-4362-AB75-BAE147652743} = {9FC5F853-7DEE-4E62-9784-78AC35BE82CC}
		{7902B3D7-0703-445F-86ED-B52A45317990} = {78FD558C-7A9C-4362-AB75-BAE147652743}
		{A10CBD5A-4591-4C0A-8E49-464B4926739F} = {9FC5F853-7DEE-4E62-9784-78AC35BE82CC}
		{6087F9E7-A0E9-430F-BABD-966BF774642C} = {A10CBD5A-4591-4C0A-8E49-464B4926739F}
		{B9E7244D-F7BF-4354-906B-594F996FC4DE} = {0D05225B-9584-4621-BC83-6B2C3E91343E}
		{6BB8B37A-969E-4647-B1FB-2F96CE98798D} = {9FC5F853-7DEE-4E62-9784-78AC35BE82CC}
		{D9E6A9D2-0300-4A09-86CB-D10592BA01FC} = {6BB8B37A-969E-4647-B1FB-2F96CE98798D}
		{DBB8A95A-C5EA-4B27-9B8A-4A3748095439} = {6BB8B37A-969E-4647-B1FB-2F96CE98798D}
		{01FAB6D2-78B0-4BF2-8FBC-B36E652596FF} = {6BB8B37A-969E-4647-B1FB-2F96CE98798D}
		{6F9E3706-1231-49B9-BEDA-BCAF1E409879} = {6BB8B37A-969E-4647-B1FB-2F96CE98798D}
		{1D3AB3FD-2FAF-45B9-91DF-B0419C5B6A28} = {6BB8B37A-969E-4647-B1FB-2F96CE98798D}
		{0F8F578A-7375-40EF-B476-EC931546DE66} = {9FC5F853-7DEE-4E62-9784-78AC35BE82CC}
		{BD24B61C-4DC3-4954-8691-946F4C55F6C2} = {0F8F578A-7375-40EF-B476-EC931546DE66}
	EndGlobalSection
	GlobalSection(ExtensibilityGlobals) = postSolution
		SolutionGuid = {EF567C03-A7BA-480D-A8BD-345C04AA124C}
	EndGlobalSection
EndGlobal
